
Microsoft Visual Studio Solution File, Format Version 12.00
# Visual Studio 15
VisualStudioVersion = 15.0.27703.2035
MinimumVisualStudioVersion = 10.0.40219.1
Project("{FAE04EC0-301F-11D3-BF4B-00C04F79EFBC}") = "GreenvillerevenueGUI", "GreenvillerevenueGUI\GreenvillerevenueGUI.csproj", "{F950DB2D-64FB-4252-8752-7A197F071D91}"
EndProject
Global
	GlobalSection(SolutionConfigurationPlatforms) = preSolution
		Debug|Any CPU = Debug|Any CPU
		Release|Any CPU = Release|Any CPU
	EndGlobalSection
	GlobalSection(ProjectConfigurationPlatforms) = postSolution
		{F950DB2D-64FB-4252-8752-7A197F071D91}.Debug|Any CPU.ActiveCfg = Debug|Any CPU
		{F950DB2D-64FB-4252-8752-7A197F071D91}.Debug|Any CPU.Build.0 = Debug|Any CPU
		{F950DB2D-64FB-4252-8752-7A197F071D91}.Release|Any CPU.ActiveCfg = Release|Any CPU
		{F950DB2D-64FB-4252-8752-7A197F071D91}.Release|Any CPU.Build.0 = Release|Any CPU
	EndGlobalSection
	GlobalSection(SolutionProperties) = preSolution
		HideSolutionNode = FALSE
	EndGlobalSection
	GlobalSection(ExtensibilityGlobals) = postSolution
		SolutionGuid = {DA0F722C-F08C-4F01-BD5C-98563F042046}
	EndGlobalSection
EndGlobal
